PackratFormat: 1.4
PackratVersion: 0.9.2
RVersion: 4.3.2
Repos: CRAN=https://cran.rstudio.com/

Package: DBI
Source: CRAN
Version: 1.1.3

Package: R6
Source: CRAN
Version: 2.5.1

Package: RColorBrewer
Source: CRAN
Version: 1.1-3

Package: askpass
Source: CRAN
Version: 1.2.0
Requires: sys

Package: backports
Source: CRAN
Version: 1.4.1

Package: base64enc
Source: CRAN
Version: 0.1-3

Package: bit
Source: CRAN
Version: 4.0.5

Package: bit64
Source: CRAN
Version: 4.0.5
Requires: bit

Package: blob
Source: CRAN
Version: 1.2.4
Requires: rlang, vctrs

Package: broom
Source: CRAN
Version: 1.0.5
Requires: backports, glue, lifecycle, rlang, dplyr, ellipsis, generics,
    purrr, stringr, tibble, tidyr

Package: bslib
Source: CRAN
Version: 0.6.0
Requires: base64enc, lifecycle, rlang, cachem, htmltools, jquerylib,
    jsonlite, memoise, mime, sass

Package: cachem
Source: CRAN
Version: 1.0.8
Requires: rlang, fastmap

Package: callr
Source: CRAN
Version: 3.7.3
Requires: R6, processx

Package: cellranger
Source: CRAN
Version: 1.1.0
Requires: tibble, rematch

Package: cli
Source: CRAN
Version: 3.6.1

Package: clipr
Source: CRAN
Version: 0.8.0

Package: colorspace
Source: CRAN
Version: 2.1-0

Package: conflicted
Source: CRAN
Version: 1.2.0
Requires: cli, memoise, rlang

Package: cpp11
Source: CRAN
Version: 0.4.6

Package: crayon
Source: CRAN
Version: 1.5.2

Package: curl
Source: CRAN
Version: 5.1.0

Package: data.table
Source: CRAN
Version: 1.14.8

Package: dbplyr
Source: CRAN
Version: 2.4.0
Requires: DBI, R6, blob, cli, dplyr, glue, lifecycle, magrittr, pillar,
    purrr, rlang, tibble, tidyr, tidyselect, vctrs, withr

Package: digest
Source: CRAN
Version: 0.6.33

Package: dplyr
Source: CRAN
Version: 1.1.4
Requires: cli, glue, lifecycle, rlang, vctrs, R6, generics, magrittr,
    pillar, tibble, tidyselect

Package: dtplyr
Source: CRAN
Version: 1.3.1
Requires: cli, data.table, dplyr, glue, lifecycle, rlang, tibble,
    tidyselect, vctrs

Package: ellipsis
Source: CRAN
Version: 0.3.2
Requires: rlang

Package: evaluate
Source: CRAN
Version: 0.23

Package: fansi
Source: CRAN
Version: 1.0.5

Package: farver
Source: CRAN
Version: 2.1.1

Package: fastmap
Source: CRAN
Version: 1.1.1

Package: fontawesome
Source: CRAN
Version: 0.5.2
Requires: htmltools, rlang

Package: forcats
Source: CRAN
Version: 1.0.0
Requires: cli, glue, lifecycle, magrittr, rlang, tibble

Package: fs
Source: CRAN
Version: 1.6.3

Package: gargle
Source: CRAN
Version: 1.5.2
Requires: cli, fs, glue, jsonlite, lifecycle, rappdirs, rlang, withr,
    httr, openssl

Package: generics
Source: CRAN
Version: 0.1.3

Package: ggplot2
Source: CRAN
Version: 3.4.4
Requires: cli, glue, lifecycle, rlang, tibble, vctrs, withr, gtable,
    isoband, scales

Package: glue
Source: CRAN
Version: 1.6.2

Package: googledrive
Source: CRAN
Version: 2.1.1
Requires: cli, gargle, glue, httr, jsonlite, lifecycle, magrittr,
    pillar, purrr, rlang, tibble, vctrs, withr, uuid

Package: googlesheets4
Source: CRAN
Version: 1.1.1
Requires: cellranger, cli, curl, gargle, glue, googledrive, httr,
    lifecycle, magrittr, purrr, rlang, tibble, vctrs, withr, ids,
    rematch2

Package: gtable
Source: CRAN
Version: 0.3.4
Requires: cli, glue, lifecycle, rlang

Package: haven
Source: CRAN
Version: 2.5.3
Requires: cli, cpp11, forcats, lifecycle, rlang, tibble, tidyselect,
    vctrs, hms, readr

Package: highr
Source: CRAN
Version: 0.10
Requires: xfun

Package: hms
Source: CRAN
Version: 1.1.3
Requires: lifecycle, pkgconfig, rlang, vctrs

Package: htmltools
Source: CRAN
Version: 0.5.7
Requires: base64enc, ellipsis, fastmap, rlang, digest

Package: httr
Source: CRAN
Version: 1.4.7
Requires: R6, curl, jsonlite, mime, openssl

Package: ids
Source: CRAN
Version: 1.0.1
Requires: openssl, uuid

Package: isoband
Source: CRAN
Version: 0.2.7

Package: jquerylib
Source: CRAN
Version: 0.1.4
Requires: htmltools

Package: jsonlite
Source: CRAN
Version: 1.8.7

Package: knitr
Source: CRAN
Version: 1.45
Requires: evaluate, highr, xfun, yaml

Package: labeling
Source: CRAN
Version: 0.4.3

Package: lifecycle
Source: CRAN
Version: 1.0.4
Requires: cli, glue, rlang

Package: lubridate
Source: CRAN
Version: 1.9.3
Requires: generics, timechange

Package: magrittr
Source: CRAN
Version: 2.0.3

Package: memoise
Source: CRAN
Version: 2.0.1
Requires: cachem, rlang

Package: mime
Source: CRAN
Version: 0.12

Package: modelr
Source: CRAN
Version: 0.1.11
Requires: broom, magrittr, purrr, rlang, tibble, tidyr, tidyselect,
    vctrs

Package: munsell
Source: CRAN
Version: 0.5.0
Requires: colorspace

Package: openssl
Source: CRAN
Version: 2.1.1
Requires: askpass

Package: packrat
Source: CRAN
Version: 0.9.2
Hash: d3bf41196a75aea08470c041f34bddff

Package: pillar
Source: CRAN
Version: 1.9.0
Requires: cli, glue, lifecycle, rlang, vctrs, fansi, utf8

Package: pkgconfig
Source: CRAN
Version: 2.0.3

Package: prettyunits
Source: CRAN
Version: 1.2.0

Package: processx
Source: CRAN
Version: 3.8.2
Requires: R6, ps

Package: progress
Source: CRAN
Version: 1.2.2
Requires: R6, crayon, hms, prettyunits

Package: ps
Source: CRAN
Version: 1.7.5

Package: purrr
Source: CRAN
Version: 1.0.2
Requires: cli, lifecycle, magrittr, rlang, vctrs

Package: ragg
Source: CRAN
Version: 1.2.6
Requires: systemfonts, textshaping

Package: rappdirs
Source: CRAN
Version: 0.3.3

Package: readr
Source: CRAN
Version: 2.1.4
Requires: R6, cli, clipr, cpp11, crayon, hms, lifecycle, rlang, tibble,
    tzdb, vroom

Package: readxl
Source: CRAN
Version: 1.4.3
Requires: cellranger, cpp11, progress, tibble

Package: rematch
Source: CRAN
Version: 2.0.0

Package: rematch2
Source: CRAN
Version: 2.1.2
Requires: tibble

Package: reprex
Source: CRAN
Version: 2.0.2
Requires: callr, cli, clipr, fs, glue, knitr, lifecycle, rlang, withr,
    rmarkdown, rstudioapi

Package: rlang
Source: CRAN
Version: 1.1.2

Package: rmarkdown
Source: CRAN
Version: 2.25
Requires: bslib, evaluate, fontawesome, htmltools, jquerylib, jsonlite,
    knitr, stringr, xfun, yaml, tinytex

Package: rstudioapi
Source: CRAN
Version: 0.15.0

Package: rvest
Source: CRAN
Version: 1.0.3
Requires: cli, glue, httr, lifecycle, magrittr, rlang, tibble, withr,
    selectr, xml2

Package: sass
Source: CRAN
Version: 0.4.7
Requires: R6, htmltools, rlang, fs, rappdirs

Package: scales
Source: CRAN
Version: 1.2.1
Requires: R6, farver, lifecycle, rlang, RColorBrewer, labeling,
    munsell, viridisLite

Package: selectr
Source: CRAN
Version: 0.4-2
Requires: R6, stringr

Package: stringi
Source: CRAN
Version: 1.8.2

Package: stringr
Source: CRAN
Version: 1.5.1
Requires: cli, glue, lifecycle, magrittr, rlang, vctrs, stringi

Package: sys
Source: CRAN
Version: 3.4.2

Package: systemfonts
Source: CRAN
Version: 1.0.5
Requires: cpp11

Package: textshaping
Source: CRAN
Version: 0.3.7
Requires: cpp11, systemfonts

Package: tibble
Source: CRAN
Version: 3.2.1
Requires: fansi, lifecycle, magrittr, pillar, rlang, vctrs, pkgconfig

Package: tidyr
Source: CRAN
Version: 1.3.0
Requires: cli, dplyr, glue, lifecycle, magrittr, purrr, rlang, stringr,
    tibble, tidyselect, vctrs, cpp11

Package: tidyselect
Source: CRAN
Version: 1.2.0
Requires: cli, glue, lifecycle, rlang, vctrs, withr

Package: tidyverse
Source: CRAN
Version: 2.0.0
Requires: broom, cli, conflicted, dbplyr, dplyr, dtplyr, forcats,
    ggplot2, googledrive, googlesheets4, haven, hms, httr, jsonlite,
    lubridate, magrittr, modelr, pillar, purrr, ragg, readr, readxl,
    reprex, rlang, rstudioapi, rvest, stringr, tibble, tidyr, xml2

Package: timechange
Source: CRAN
Version: 0.2.0
Requires: cpp11

Package: tinytex
Source: CRAN
Version: 0.49
Requires: xfun

Package: tzdb
Source: CRAN
Version: 0.4.0
Requires: cpp11

Package: utf8
Source: CRAN
Version: 1.2.4

Package: uuid
Source: CRAN
Version: 1.1-1

Package: vctrs
Source: CRAN
Version: 0.6.4
Requires: rlang, cli, glue, lifecycle

Package: viridisLite
Source: CRAN
Version: 0.4.2

Package: vroom
Source: CRAN
Version: 1.6.4
Requires: bit64, cli, cpp11, crayon, glue, hms, lifecycle, rlang,
    tibble, tidyselect, tzdb, vctrs, withr, progress

Package: withr
Source: CRAN
Version: 2.5.2

Package: xfun
Source: CRAN
Version: 0.41

Package: xml2
Source: CRAN
Version: 1.3.5

Package: yaml
Source: CRAN
Version: 2.3.7
